
Microsoft Visual Studio Solution File, Format Version 12.00
# Visual Studio 15
VisualStudioVersion = 15.0.27130.2027
MinimumVisualStudioVersion = 10.0.40219.1
Project("{9A19103F-16F7-4668-BE54-9A1E7A4F7556}") = "PacktCSharp", "PacktCSharp\PacktCSharp.csproj", "{1C3589BC-6B94-4BC9-B387-B20E61692159}"
EndProject
Project("{9A19103F-16F7-4668-BE54-9A1E7A4F7556}") = "Numbers", "Numbers\Numbers.csproj", "{DDE8A10B-9AE1-4E6B-952A-3B89AD428F3C}"
EndProject
Project("{9A19103F-16F7-4668-BE54-9A1E7A4F7556}") = "Arguments", "Variables\Arguments.csproj", "{07F003C3-7F4D-4906-9714-22E0E1BB0989}"
EndProject
Project("{9A19103F-16F7-4668-BE54-9A1E7A4F7556}") = "HandlingExceptions", "SelectionStatements\HandlingExceptions.csproj", "{1C521E6D-C5DD-457B-99AA-CADB411D5434}"
EndProject
Project("{9A19103F-16F7-4668-BE54-9A1E7A4F7556}") = "CheckingForOverflow", "CheckingForOverflow\CheckingForOverflow.csproj", "{91164301-7A7B-449A-95D0-A1AC25782F97}"
EndProject
Project("{9A19103F-16F7-4668-BE54-9A1E7A4F7556}") = "FizzBuzz", "FizzBuzz\FizzBuzz.csproj", "{1235D605-50B4-40CB-AC2E-B44091D8BB73}"
EndProject
Project("{9A19103F-16F7-4668-BE54-9A1E7A4F7556}") = "WritingFunctions", "WritingFunctions\WritingFunctions.csproj", "{82944193-64BF-4FA5-B580-C577203CDFA5}"
EndProject
Project("{9A19103F-16F7-4668-BE54-9A1E7A4F7556}") = "Debug", "Debug\Debug.csproj", "{C828AA16-DDCE-485D-B183-4C91724E0C60}"
EndProject
Project("{9A19103F-16F7-4668-BE54-9A1E7A4F7556}") = "Tracing", "Tracing\Tracing.csproj", "{FA5E1A11-1C49-4476-931C-441B6176ED70}"
EndProject
Project("{9A19103F-16F7-4668-BE54-9A1E7A4F7556}") = "CalculatorLib", "CalculatorLib\CalculatorLib.csproj", "{182F1FEF-5B2E-4F1F-B817-B2E1E4751684}"
EndProject
Project("{9A19103F-16F7-4668-BE54-9A1E7A4F7556}") = "CalculatorLibUnitTests", "CalculatorLibUnitTests\CalculatorLibUnitTests.csproj", "{411EA959-04BC-45F0-9CF7-FA3E0099B618}"
EndProject
Project("{9A19103F-16F7-4668-BE54-9A1E7A4F7556}") = "PeopleApp", "PeopleApp\PeopleApp.csproj", "{6AB99111-A571-4D17-B447-4FBCCF557566}"
EndProject
Project("{9A19103F-16F7-4668-BE54-9A1E7A4F7556}") = "Assemblies", "Assemblies\Assemblies.csproj", "{221992E7-ECBB-4341-971B-34F76DB26467}"
EndProject
Project("{9A19103F-16F7-4668-BE54-9A1E7A4F7556}") = "SharedLibrary", "SharedLibrary\SharedLibrary.csproj", "{E8634187-0F3D-4EF1-A42E-1C547ABBF54C}"
EndProject
Project("{9A19103F-16F7-4668-BE54-9A1E7A4F7556}") = "DotNetCoreEverywhere", "DotNetCoreEverywhere\DotNetCoreEverywhere.csproj", "{0EC66D12-502D-4735-8645-E77DA84FC532}"
EndProject
Project("{9A19103F-16F7-4668-BE54-9A1E7A4F7556}") = "WorkingWithNumbers", "WorkingWithNumbers\WorkingWithNumbers.csproj", "{1BFE4720-2D7B-4BFE-8BA0-E23BE7419555}"
EndProject
Project("{9A19103F-16F7-4668-BE54-9A1E7A4F7556}") = "WorkingWithText", "WorkingWithText\WorkingWithText.csproj", "{4A304140-813B-413F-ACDF-35B6FF8DF851}"
EndProject
Project("{9A19103F-16F7-4668-BE54-9A1E7A4F7556}") = "WorkingWithRegEx", "WorkingWithRegEx\WorkingWithRegEx.csproj", "{AABA1F18-BFFD-4EC0-A07D-DD56FA0766B7}"
EndProject
Project("{9A19103F-16F7-4668-BE54-9A1E7A4F7556}") = "WorkingWithLists", "WorkingWithLists\WorkingWithLists.csproj", "{C789D93E-EE08-4975-8FF8-9C8CEED421F4}"
EndProject
Project("{9A19103F-16F7-4668-BE54-9A1E7A4F7556}") = "WorkingWithDictionaries", "WorkingWithDictionaries\WorkingWithDictionaries.csproj", "{47AA59A4-CAC5-4561-B922-1BFD85598D62}"
EndProject
Project("{9A19103F-16F7-4668-BE54-9A1E7A4F7556}") = "WorkingWithNetworkResources", "WorkingWithNetworkResources\WorkingWithNetworkResources.csproj", "{AF4EA96A-D018-4223-8A0E-D65E3196EE68}"
EndProject
Project("{9A19103F-16F7-4668-BE54-9A1E7A4F7556}") = "WorkingWithReflection", "WorkingWithReflection\WorkingWithReflection.csproj", "{FD82B81B-6A9E-4810-A454-BD51FA81FF05}"
EndProject
Project("{9A19103F-16F7-4668-BE54-9A1E7A4F7556}") = "Internationalization", "Internationalization\Internationalization.csproj", "{D207376A-A1C7-4511-8B8C-F6FFFDB12C08}"
EndProject
Project("{FAE04EC0-301F-11D3-BF4B-00C04F79EFBC}") = "WorkingWithFileSystems", "WorkingWithFileSystems\WorkingWithFileSystems.csproj", "{E4B8B05F-F69E-47B3-987C-AE65D830C8A6}"
EndProject
Global
	GlobalSection(SolutionConfigurationPlatforms) = preSolution
		Debug|Any CPU = Debug|Any CPU
		Release|Any CPU = Release|Any CPU
	EndGlobalSection
	GlobalSection(ProjectConfigurationPlatforms) = postSolution
		{1C3589BC-6B94-4BC9-B387-B20E61692159}.Debug|Any CPU.ActiveCfg = Debug|Any CPU
		{1C3589BC-6B94-4BC9-B387-B20E61692159}.Debug|Any CPU.Build.0 = Debug|Any CPU
		{1C3589BC-6B94-4BC9-B387-B20E61692159}.Release|Any CPU.ActiveCfg = Release|Any CPU
		{1C3589BC-6B94-4BC9-B387-B20E61692159}.Release|Any CPU.Build.0 = Release|Any CPU
		{DDE8A10B-9AE1-4E6B-952A-3B89AD428F3C}.Debug|Any CPU.ActiveCfg = Debug|Any CPU
		{DDE8A10B-9AE1-4E6B-952A-3B89AD428F3C}.Debug|Any CPU.Build.0 = Debug|Any CPU
		{DDE8A10B-9AE1-4E6B-952A-3B89AD428F3C}.Release|Any CPU.ActiveCfg = Release|Any CPU
		{DDE8A10B-9AE1-4E6B-952A-3B89AD428F3C}.Release|Any CPU.Build.0 = Release|Any CPU
		{07F003C3-7F4D-4906-9714-22E0E1BB0989}.Debug|Any CPU.ActiveCfg = Debug|Any CPU
		{07F003C3-7F4D-4906-9714-22E0E1BB0989}.Debug|Any CPU.Build.0 = Debug|Any CPU
		{07F003C3-7F4D-4906-9714-22E0E1BB0989}.Release|Any CPU.ActiveCfg = Release|Any CPU
		{07F003C3-7F4D-4906-9714-22E0E1BB0989}.Release|Any CPU.Build.0 = Release|Any CPU
		{1C521E6D-C5DD-457B-99AA-CADB411D5434}.Debug|Any CPU.ActiveCfg = Debug|Any CPU
		{1C521E6D-C5DD-457B-99AA-CADB411D5434}.Debug|Any CPU.Build.0 = Debug|Any CPU
		{1C521E6D-C5DD-457B-99AA-CADB411D5434}.Release|Any CPU.ActiveCfg = Release|Any CPU
		{1C521E6D-C5DD-457B-99AA-CADB411D5434}.Release|Any CPU.Build.0 = Release|Any CPU
		{91164301-7A7B-449A-95D0-A1AC25782F97}.Debug|Any CPU.ActiveCfg = Debug|Any CPU
		{91164301-7A7B-449A-95D0-A1AC25782F97}.Debug|Any CPU.Build.0 = Debug|Any CPU
		{91164301-7A7B-449A-95D0-A1AC25782F97}.Release|Any CPU.ActiveCfg = Release|Any CPU
		{91164301-7A7B-449A-95D0-A1AC25782F97}.Release|Any CPU.Build.0 = Release|Any CPU
		{1235D605-50B4-40CB-AC2E-B44091D8BB73}.Debug|Any CPU.ActiveCfg = Debug|Any CPU
		{1235D605-50B4-40CB-AC2E-B44091D8BB73}.Debug|Any CPU.Build.0 = Debug|Any CPU
		{1235D605-50B4-40CB-AC2E-B44091D8BB73}.Release|Any CPU.ActiveCfg = Release|Any CPU
		{1235D605-50B4-40CB-AC2E-B44091D8BB73}.Release|Any CPU.Build.0 = Release|Any CPU
		{82944193-64BF-4FA5-B580-C577203CDFA5}.Debug|Any CPU.ActiveCfg = Debug|Any CPU
		{82944193-64BF-4FA5-B580-C577203CDFA5}.Debug|Any CPU.Build.0 = Debug|Any CPU
		{82944193-64BF-4FA5-B580-C577203CDFA5}.Release|Any CPU.ActiveCfg = Release|Any CPU
		{82944193-64BF-4FA5-B580-C577203CDFA5}.Release|Any CPU.Build.0 = Release|Any CPU
		{C828AA16-DDCE-485D-B183-4C91724E0C60}.Debug|Any CPU.ActiveCfg = Debug|Any CPU
		{C828AA16-DDCE-485D-B183-4C91724E0C60}.Debug|Any CPU.Build.0 = Debug|Any CPU
		{C828AA16-DDCE-485D-B183-4C91724E0C60}.Release|Any CPU.ActiveCfg = Release|Any CPU
		{C828AA16-DDCE-485D-B183-4C91724E0C60}.Release|Any CPU.Build.0 = Release|Any CPU
		{FA5E1A11-1C49-4476-931C-441B6176ED70}.Debug|Any CPU.ActiveCfg = Debug|Any CPU
		{FA5E1A11-1C49-4476-931C-441B6176ED70}.Debug|Any CPU.Build.0 = Debug|Any CPU
		{FA5E1A11-1C49-4476-931C-441B6176ED70}.Release|Any CPU.ActiveCfg = Release|Any CPU
		{FA5E1A11-1C49-4476-931C-441B6176ED70}.Release|Any CPU.Build.0 = Release|Any CPU
		{182F1FEF-5B2E-4F1F-B817-B2E1E4751684}.Debug|Any CPU.ActiveCfg = Debug|Any CPU
		{182F1FEF-5B2E-4F1F-B817-B2E1E4751684}.Debug|Any CPU.Build.0 = Debug|Any CPU
		{182F1FEF-5B2E-4F1F-B817-B2E1E4751684}.Release|Any CPU.ActiveCfg = Release|Any CPU
		{182F1FEF-5B2E-4F1F-B817-B2E1E4751684}.Release|Any CPU.Build.0 = Release|Any CPU
		{411EA959-04BC-45F0-9CF7-FA3E0099B618}.Debug|Any CPU.ActiveCfg = Debug|Any CPU
		{411EA959-04BC-45F0-9CF7-FA3E0099B618}.Debug|Any CPU.Build.0 = Debug|Any CPU
		{411EA959-04BC-45F0-9CF7-FA3E0099B618}.Release|Any CPU.ActiveCfg = Release|Any CPU
		{411EA959-04BC-45F0-9CF7-FA3E0099B618}.Release|Any CPU.Build.0 = Release|Any CPU
		{6AB99111-A571-4D17-B447-4FBCCF557566}.Debug|Any CPU.ActiveCfg = Debug|Any CPU
		{6AB99111-A571-4D17-B447-4FBCCF557566}.Debug|Any CPU.Build.0 = Debug|Any CPU
		{6AB99111-A571-4D17-B447-4FBCCF557566}.Release|Any CPU.ActiveCfg = Release|Any CPU
		{6AB99111-A571-4D17-B447-4FBCCF557566}.Release|Any CPU.Build.0 = Release|Any CPU
		{221992E7-ECBB-4341-971B-34F76DB26467}.Debug|Any CPU.ActiveCfg = Debug|Any CPU
		{221992E7-ECBB-4341-971B-34F76DB26467}.Debug|Any CPU.Build.0 = Debug|Any CPU
		{221992E7-ECBB-4341-971B-34F76DB26467}.Release|Any CPU.ActiveCfg = Release|Any CPU
		{221992E7-ECBB-4341-971B-34F76DB26467}.Release|Any CPU.Build.0 = Release|Any CPU
		{E8634187-0F3D-4EF1-A42E-1C547ABBF54C}.Debug|Any CPU.ActiveCfg = Debug|Any CPU
		{E8634187-0F3D-4EF1-A42E-1C547ABBF54C}.Debug|Any CPU.Build.0 = Debug|Any CPU
		{E8634187-0F3D-4EF1-A42E-1C547ABBF54C}.Release|Any CPU.ActiveCfg = Release|Any CPU
		{E8634187-0F3D-4EF1-A42E-1C547ABBF54C}.Release|Any CPU.Build.0 = Release|Any CPU
		{0EC66D12-502D-4735-8645-E77DA84FC532}.Debug|Any CPU.ActiveCfg = Debug|Any CPU
		{0EC66D12-502D-4735-8645-E77DA84FC532}.Debug|Any CPU.Build.0 = Debug|Any CPU
		{0EC66D12-502D-4735-8645-E77DA84FC532}.Release|Any CPU.ActiveCfg = Release|Any CPU
		{0EC66D12-502D-4735-8645-E77DA84FC532}.Release|Any CPU.Build.0 = Release|Any CPU
		{1BFE4720-2D7B-4BFE-8BA0-E23BE7419555}.Debug|Any CPU.ActiveCfg = Debug|Any CPU
		{1BFE4720-2D7B-4BFE-8BA0-E23BE7419555}.Debug|Any CPU.Build.0 = Debug|Any CPU
		{1BFE4720-2D7B-4BFE-8BA0-E23BE7419555}.Release|Any CPU.ActiveCfg = Release|Any CPU
		{1BFE4720-2D7B-4BFE-8BA0-E23BE7419555}.Release|Any CPU.Build.0 = Release|Any CPU
		{4A304140-813B-413F-ACDF-35B6FF8DF851}.Debug|Any CPU.ActiveCfg = Debug|Any CPU
		{4A304140-813B-413F-ACDF-35B6FF8DF851}.Debug|Any CPU.Build.0 = Debug|Any CPU
		{4A304140-813B-413F-ACDF-35B6FF8DF851}.Release|Any CPU.ActiveCfg = Release|Any CPU
		{4A304140-813B-413F-ACDF-35B6FF8DF851}.Release|Any CPU.Build.0 = Release|Any CPU
		{AABA1F18-BFFD-4EC0-A07D-DD56FA0766B7}.Debug|Any CPU.ActiveCfg = Debug|Any CPU
		{AABA1F18-BFFD-4EC0-A07D-DD56FA0766B7}.Debug|Any CPU.Build.0 = Debug|Any CPU
		{AABA1F18-BFFD-4EC0-A07D-DD56FA0766B7}.Release|Any CPU.ActiveCfg = Release|Any CPU
		{AABA1F18-BFFD-4EC0-A07D-DD56FA0766B7}.Release|Any CPU.Build.0 = Release|Any CPU
		{C789D93E-EE08-4975-8FF8-9C8CEED421F4}.Debug|Any CPU.ActiveCfg = Debug|Any CPU
		{C789D93E-EE08-4975-8FF8-9C8CEED421F4}.Debug|Any CPU.Build.0 = Debug|Any CPU
		{C789D93E-EE08-4975-8FF8-9C8CEED421F4}.Release|Any CPU.ActiveCfg = Release|Any CPU
		{C789D93E-EE08-4975-8FF8-9C8CEED421F4}.Release|Any CPU.Build.0 = Release|Any CPU
		{47AA59A4-CAC5-4561-B922-1BFD85598D62}.Debug|Any CPU.ActiveCfg = Debug|Any CPU
		{47AA59A4-CAC5-4561-B922-1BFD85598D62}.Debug|Any CPU.Build.0 = Debug|Any CPU
		{47AA59A4-CAC5-4561-B922-1BFD85598D62}.Release|Any CPU.ActiveCfg = Release|Any CPU
		{47AA59A4-CAC5-4561-B922-1BFD85598D62}.Release|Any CPU.Build.0 = Release|Any CPU
		{AF4EA96A-D018-4223-8A0E-D65E3196EE68}.Debug|Any CPU.ActiveCfg = Debug|Any CPU
		{AF4EA96A-D018-4223-8A0E-D65E3196EE68}.Debug|Any CPU.Build.0 = Debug|Any CPU
		{AF4EA96A-D018-4223-8A0E-D65E3196EE68}.Release|Any CPU.ActiveCfg = Release|Any CPU
		{AF4EA96A-D018-4223-8A0E-D65E3196EE68}.Release|Any CPU.Build.0 = Release|Any CPU
		{FD82B81B-6A9E-4810-A454-BD51FA81FF05}.Debug|Any CPU.ActiveCfg = Debug|Any CPU
		{FD82B81B-6A9E-4810-A454-BD51FA81FF05}.Debug|Any CPU.Build.0 = Debug|Any CPU
		{FD82B81B-6A9E-4810-A454-BD51FA81FF05}.Release|Any CPU.ActiveCfg = Release|Any CPU
		{FD82B81B-6A9E-4810-A454-BD51FA81FF05}.Release|Any CPU.Build.0 = Release|Any CPU
		{D207376A-A1C7-4511-8B8C-F6FFFDB12C08}.Debug|Any CPU.ActiveCfg = Debug|Any CPU
		{D207376A-A1C7-4511-8B8C-F6FFFDB12C08}.Debug|Any CPU.Build.0 = Debug|Any CPU
		{D207376A-A1C7-4511-8B8C-F6FFFDB12C08}.Release|Any CPU.ActiveCfg = Release|Any CPU
		{D207376A-A1C7-4511-8B8C-F6FFFDB12C08}.Release|Any CPU.Build.0 = Release|Any CPU
		{E4B8B05F-F69E-47B3-987C-AE65D830C8A6}.Debug|Any CPU.ActiveCfg = Debug|Any CPU
		{E4B8B05F-F69E-47B3-987C-AE65D830C8A6}.Debug|Any CPU.Build.0 = Debug|Any CPU
		{E4B8B05F-F69E-47B3-987C-AE65D830C8A6}.Release|Any CPU.ActiveCfg = Release|Any CPU
		{E4B8B05F-F69E-47B3-987C-AE65D830C8A6}.Release|Any CPU.Build.0 = Release|Any CPU
	EndGlobalSection
	GlobalSection(SolutionProperties) = preSolution
		HideSolutionNode = FALSE
	EndGlobalSection
	GlobalSection(ExtensibilityGlobals) = postSolution
		SolutionGuid = {F378FF98-FF1F-4D4F-9C5C-3D8866D27124}
	EndGlobalSection
EndGlobal
